{
  "name": "dir2",
  "version": "1.0.0",
  "lockfileVersion": 2,
  "requires": true,
  "packages": {
    "": {
      "name": "dir2",
      "version": "1.0.0",
      "license": "ISC",
      "dependencies": {
        "foo": "file:/home/ben/projects/central/scratch/dir2"
      }
    },
    "node_modules/foo": {
      "resolved": "",
      "link": true
    }
  },
  "dependencies": {
    "foo": {
      "version": "file:",
      "requires": {
        "foo": "file:"
      }
    }
  }
}
